
Microsoft Visual Studio Solution File, Format Version 12.00
# Visual Studio 2012
Project("{FAE04EC0-301F-11D3-BF4B-00C04F79EFBC}") = "WindowsFormsApplication10", "WindowsFormsApplication10\WindowsFormsApplication10.csproj", "{1186C756-44B4-48EB-9270-1D54B5AE20E9}"
EndProject
Global
	GlobalSection(SolutionConfigurationPlatforms) = preSolution
		Debug|Any CPU = Debug|Any CPU
		Release|Any CPU = Release|Any CPU
	EndGlobalSection
	GlobalSection(ProjectConfigurationPlatforms) = postSolution
		{1186C756-44B4-48EB-9270-1D54B5AE20E9}.Debug|Any CPU.ActiveCfg = Debug|Any CPU
		{1186C756-44B4-48EB-9270-1D54B5AE20E9}.Debug|Any CPU.Build.0 = Debug|Any CPU
		{1186C756-44B4-48EB-9270-1D54B5AE20E9}.Release|Any CPU.ActiveCfg = Release|Any CPU
		{1186C756-44B4-48EB-9270-1D54B5AE20E9}.Release|Any CPU.Build.0 = Release|Any CPU
	EndGlobalSection
	GlobalSection(SolutionProperties) = preSolution
		HideSolutionNode = FALSE
	EndGlobalSection
EndGlobal
